# THIS IS AN AUTOGENERATED FILE. DO NOT EDIT THIS FILE DIRECTLY.
# yarn lockfile v1


"@libp2p/interface-peer-id@^2.0.0":
  version "2.0.2"
  resolved "https://registry.yarnpkg.com/@libp2p/interface-peer-id/-/interface-peer-id-2.0.2.tgz#6302e70b6fc17c451bc3daa11447d059357bcc32"
  integrity sha512-9pZp9zhTDoVwzRmp0Wtxw0Yfa//Yc0GqBCJi3EznBDE6HGIAVvppR91wSh2knt/0eYg0AQj7Y35VSesUTzMCUg==
  dependencies:
    multiformats "^11.0.0"

"@libp2p/interfaces@^3.2.0":
  version "3.3.2"
  resolved "https://registry.yarnpkg.com/@libp2p/interfaces/-/interfaces-3.3.2.tgz#5d8079be845b0960939b5b18880e785a4714465a"
  integrity sha512-p/M7plbrxLzuQchvNwww1Was7ZeGE2NaOFulMaZBYIihU8z3fhaV+a033OqnC/0NTX/yhfdNOG7znhYq3XoR/g==

"@libp2p/peer-id@^2.0.4":
  version "2.0.4"
  resolved "https://registry.yarnpkg.com/@libp2p/peer-id/-/peer-id-2.0.4.tgz#d50d2ae4663ef79f6e31ce4eaf25e1f44e1667ab"
  integrity sha512-gcOsN8Fbhj6izIK+ejiWsqiqKeJ2yWPapi/m55VjOvDa52/ptQzZszxQP8jUk93u36de92ATFXDfZR/Bi6eeUQ==
  dependencies:
    "@libp2p/interface-peer-id" "^2.0.0"
    "@libp2p/interfaces" "^3.2.0"
    multiformats "^11.0.0"
    uint8arrays "^4.0.2"

multiformats@^11.0.0:
  version "11.0.2"
  resolved "https://registry.yarnpkg.com/multiformats/-/multiformats-11.0.2.tgz#b14735efc42cd8581e73895e66bebb9752151b60"
  integrity sha512-b5mYMkOkARIuVZCpvijFj9a6m5wMVLC7cf/jIPd5D/ARDOfLC5+IFkbgDXQgcU2goIsTD/O9NY4DI/Mt4OGvlg==

uint8arrays@^4.0.2:
  version "4.0.4"
  resolved "https://registry.yarnpkg.com/uint8arrays/-/uint8arrays-4.0.4.tgz#3254e01aeb166a3f35e66e60e4e37002f4ea13fd"
  integrity sha512-AOoA66e/A7zoXm1mgzQjGmkWDTvCrS3ttWXLHFtlVAwMobLcaOA7G7WRNNAcyfjjYdFDtkEK6njRDX7hZLIO9Q==
  dependencies:
    multiformats "^11.0.0"
